
Microsoft Visual Studio Solution File, Format Version 12.00
# Visual Studio Version 16
VisualStudioVersion = 16.0.29613.14
MinimumVisualStudioVersion = 10.0.40219.1
Project("{FAE04EC0-301F-11D3-BF4B-00C04F79EFBC}") = "SerousBot", "SerousBot.csproj", "{EB3ADB19-3D00-4D85-846D-56B8CC1C6667}"
EndProject
Global
	GlobalSection(SolutionConfigurationPlatforms) = preSolution
		Debug|Any CPU = Debug|Any CPU
		Release|Any CPU = Release|Any CPU
	EndGlobalSection
	GlobalSection(ProjectConfigurationPlatforms) = postSolution
		{EB3ADB19-3D00-4D85-846D-56B8CC1C6667}.Debug|Any CPU.ActiveCfg = Debug|Any CPU
		{EB3ADB19-3D00-4D85-846D-56B8CC1C6667}.Debug|Any CPU.Build.0 = Debug|Any CPU
		{EB3ADB19-3D00-4D85-846D-56B8CC1C6667}.Release|Any CPU.ActiveCfg = Release|Any CPU
		{EB3ADB19-3D00-4D85-846D-56B8CC1C6667}.Release|Any CPU.Build.0 = Release|Any CPU
	EndGlobalSection
	GlobalSection(SolutionProperties) = preSolution
		HideSolutionNode = FALSE
	EndGlobalSection
	GlobalSection(ExtensibilityGlobals) = postSolution
		SolutionGuid = {641114C3-33E4-4D4C-AD15-23ED8134047C}
	EndGlobalSection
EndGlobal
